
Microsoft Visual Studio Solution File, Format Version 12.00
# Visual Studio 14
VisualStudioVersion = 14.0.25123.0
MinimumVisualStudioVersion = 10.0.40219.1
Project("{FAE04EC0-301F-11D3-BF4B-00C04F79EFBC}") = "QBitNinja.Client", "QBitNinja.Client\QBitNinja.Client.csproj", "{7C796B6B-86B5-4C57-ADAA-12CF1FECDA71}"
EndProject
Project("{FAE04EC0-301F-11D3-BF4B-00C04F79EFBC}") = "QBitNinja.Client.Tests", "QBitNinja.Client.Tests\QBitNinja.Client.Tests.csproj", "{068A0D44-F058-4086-9EB5-9FF75B89EA74}"
EndProject
Project("{FAE04EC0-301F-11D3-BF4B-00C04F79EFBC}") = "QBitNinja.Client(Profile111)", "QBitNinja.Client(Profile111)\QBitNinja.Client(Profile111).csproj", "{C86B6060-023D-4E55-9FA2-0098DBB34E4D}"
EndProject
Project("{FAE04EC0-301F-11D3-BF4B-00C04F79EFBC}") = "QBitNinja.Client(Profile259)", "QBitNinja.Client(Profile259)\QBitNinja.Client(Profile259).csproj", "{E2D86C21-D7F7-4496-AC57-EA3D41F23D4E}"
EndProject
Project("{FAE04EC0-301F-11D3-BF4B-00C04F79EFBC}") = "Common", "Common\Common.csproj", "{44241912-4992-416E-A07B-4ABCA3C93826}"
EndProject
Project("{FAE04EC0-301F-11D3-BF4B-00C04F79EFBC}") = "Newtonsoft.Json.Portable", "Newtonsoft.Json(portable)\Newtonsoft.Json.Portable.csproj", "{959F7F85-C98B-4876-971A-9036224578E4}"
EndProject
Global
	GlobalSection(SolutionConfigurationPlatforms) = preSolution
		Debug|Any CPU = Debug|Any CPU
		QA|Any CPU = QA|Any CPU
		QA-Testnet|Any CPU = QA-Testnet|Any CPU
		Release|Any CPU = Release|Any CPU
	EndGlobalSection
	GlobalSection(ProjectConfigurationPlatforms) = postSolution
		{7C796B6B-86B5-4C57-ADAA-12CF1FECDA71}.Debug|Any CPU.ActiveCfg = Debug|Any CPU
		{7C796B6B-86B5-4C57-ADAA-12CF1FECDA71}.Debug|Any CPU.Build.0 = Debug|Any CPU
		{7C796B6B-86B5-4C57-ADAA-12CF1FECDA71}.QA|Any CPU.ActiveCfg = QA|Any CPU
		{7C796B6B-86B5-4C57-ADAA-12CF1FECDA71}.QA|Any CPU.Build.0 = QA|Any CPU
		{7C796B6B-86B5-4C57-ADAA-12CF1FECDA71}.QA-Testnet|Any CPU.ActiveCfg = QA-Testnet|Any CPU
		{7C796B6B-86B5-4C57-ADAA-12CF1FECDA71}.QA-Testnet|Any CPU.Build.0 = QA-Testnet|Any CPU
		{7C796B6B-86B5-4C57-ADAA-12CF1FECDA71}.Release|Any CPU.ActiveCfg = Release|Any CPU
		{7C796B6B-86B5-4C57-ADAA-12CF1FECDA71}.Release|Any CPU.Build.0 = Release|Any CPU
		{068A0D44-F058-4086-9EB5-9FF75B89EA74}.Debug|Any CPU.ActiveCfg = Debug|Any CPU
		{068A0D44-F058-4086-9EB5-9FF75B89EA74}.Debug|Any CPU.Build.0 = Debug|Any CPU
		{068A0D44-F058-4086-9EB5-9FF75B89EA74}.QA|Any CPU.ActiveCfg = QA|Any CPU
		{068A0D44-F058-4086-9EB5-9FF75B89EA74}.QA|Any CPU.Build.0 = QA|Any CPU
		{068A0D44-F058-4086-9EB5-9FF75B89EA74}.QA-Testnet|Any CPU.ActiveCfg = QA-Testnet|Any CPU
		{068A0D44-F058-4086-9EB5-9FF75B89EA74}.QA-Testnet|Any CPU.Build.0 = QA-Testnet|Any CPU
		{068A0D44-F058-4086-9EB5-9FF75B89EA74}.Release|Any CPU.ActiveCfg = Release|Any CPU
		{068A0D44-F058-4086-9EB5-9FF75B89EA74}.Release|Any CPU.Build.0 = Release|Any CPU
		{C86B6060-023D-4E55-9FA2-0098DBB34E4D}.Debug|Any CPU.ActiveCfg = Debug|Any CPU
		{C86B6060-023D-4E55-9FA2-0098DBB34E4D}.Debug|Any CPU.Build.0 = Debug|Any CPU
		{C86B6060-023D-4E55-9FA2-0098DBB34E4D}.QA|Any CPU.ActiveCfg = Release|Any CPU
		{C86B6060-023D-4E55-9FA2-0098DBB34E4D}.QA|Any CPU.Build.0 = Release|Any CPU
		{C86B6060-023D-4E55-9FA2-0098DBB34E4D}.QA-Testnet|Any CPU.ActiveCfg = Release|Any CPU
		{C86B6060-023D-4E55-9FA2-0098DBB34E4D}.QA-Testnet|Any CPU.Build.0 = Release|Any CPU
		{C86B6060-023D-4E55-9FA2-0098DBB34E4D}.Release|Any CPU.ActiveCfg = Release|Any CPU
		{C86B6060-023D-4E55-9FA2-0098DBB34E4D}.Release|Any CPU.Build.0 = Release|Any CPU
		{E2D86C21-D7F7-4496-AC57-EA3D41F23D4E}.Debug|Any CPU.ActiveCfg = Debug|Any CPU
		{E2D86C21-D7F7-4496-AC57-EA3D41F23D4E}.Debug|Any CPU.Build.0 = Debug|Any CPU
		{E2D86C21-D7F7-4496-AC57-EA3D41F23D4E}.QA|Any CPU.ActiveCfg = Release|Any CPU
		{E2D86C21-D7F7-4496-AC57-EA3D41F23D4E}.QA|Any CPU.Build.0 = Release|Any CPU
		{E2D86C21-D7F7-4496-AC57-EA3D41F23D4E}.QA-Testnet|Any CPU.ActiveCfg = Release|Any CPU
		{E2D86C21-D7F7-4496-AC57-EA3D41F23D4E}.QA-Testnet|Any CPU.Build.0 = Release|Any CPU
		{E2D86C21-D7F7-4496-AC57-EA3D41F23D4E}.Release|Any CPU.ActiveCfg = Release|Any CPU
		{E2D86C21-D7F7-4496-AC57-EA3D41F23D4E}.Release|Any CPU.Build.0 = Release|Any CPU
		{44241912-4992-416E-A07B-4ABCA3C93826}.Debug|Any CPU.ActiveCfg = Debug|x86
		{44241912-4992-416E-A07B-4ABCA3C93826}.QA|Any CPU.ActiveCfg = Debug|x86
		{44241912-4992-416E-A07B-4ABCA3C93826}.QA-Testnet|Any CPU.ActiveCfg = Debug|x86
		{44241912-4992-416E-A07B-4ABCA3C93826}.Release|Any CPU.ActiveCfg = Debug|x86
		{959F7F85-C98B-4876-971A-9036224578E4}.Debug|Any CPU.ActiveCfg = Debug|Any CPU
		{959F7F85-C98B-4876-971A-9036224578E4}.Debug|Any CPU.Build.0 = Debug|Any CPU
		{959F7F85-C98B-4876-971A-9036224578E4}.QA|Any CPU.ActiveCfg = Release|Any CPU
		{959F7F85-C98B-4876-971A-9036224578E4}.QA|Any CPU.Build.0 = Release|Any CPU
		{959F7F85-C98B-4876-971A-9036224578E4}.QA-Testnet|Any CPU.ActiveCfg = Release|Any CPU
		{959F7F85-C98B-4876-971A-9036224578E4}.QA-Testnet|Any CPU.Build.0 = Release|Any CPU
		{959F7F85-C98B-4876-971A-9036224578E4}.Release|Any CPU.ActiveCfg = Release|Any CPU
		{959F7F85-C98B-4876-971A-9036224578E4}.Release|Any CPU.Build.0 = Release|Any CPU
	EndGlobalSection
	GlobalSection(SolutionProperties) = preSolution
		HideSolutionNode = FALSE
	EndGlobalSection
EndGlobal
