
Microsoft Visual Studio Solution File, Format Version 12.00
# Visual Studio 15
VisualStudioVersion = 15.0.26730.16
MinimumVisualStudioVersion = 10.0.40219.1
Project("{9A19103F-16F7-4668-BE54-9A1E7A4F7556}") = "QBitNinja.Client", "QBitNinja.Client\QBitNinja.Client.csproj", "{E7D5192D-6003-488D-B0E0-A013CCA4C46F}"
EndProject
Project("{9A19103F-16F7-4668-BE54-9A1E7A4F7556}") = "QBitNinja", "QBitNinja\QBitNinja.csproj", "{CFC89FE3-4887-4830-ADE4-26F9C0D3E003}"
EndProject
Project("{9A19103F-16F7-4668-BE54-9A1E7A4F7556}") = "QBitNinja.Tests", "QBitNinja.Tests\QBitNinja.Tests.csproj", "{9FEEA244-F1EB-47AD-B441-DFB7CEEB8466}"
EndProject
Project("{9A19103F-16F7-4668-BE54-9A1E7A4F7556}") = "QBitNinja.Listener.Console", "QBitNinja.Listener.Console\QBitNinja.Listener.Console.csproj", "{BDA34514-1BC1-4869-87E3-CE39D7E6FDDD}"
EndProject
Global
	GlobalSection(SolutionConfigurationPlatforms) = preSolution
		Debug|Any CPU = Debug|Any CPU
		Release|Any CPU = Release|Any CPU
	EndGlobalSection
	GlobalSection(ProjectConfigurationPlatforms) = postSolution
		{E7D5192D-6003-488D-B0E0-A013CCA4C46F}.Debug|Any CPU.ActiveCfg = Debug|Any CPU
		{E7D5192D-6003-488D-B0E0-A013CCA4C46F}.Debug|Any CPU.Build.0 = Debug|Any CPU
		{E7D5192D-6003-488D-B0E0-A013CCA4C46F}.Release|Any CPU.ActiveCfg = Release|Any CPU
		{E7D5192D-6003-488D-B0E0-A013CCA4C46F}.Release|Any CPU.Build.0 = Release|Any CPU
		{CFC89FE3-4887-4830-ADE4-26F9C0D3E003}.Debug|Any CPU.ActiveCfg = Debug|Any CPU
		{CFC89FE3-4887-4830-ADE4-26F9C0D3E003}.Debug|Any CPU.Build.0 = Debug|Any CPU
		{CFC89FE3-4887-4830-ADE4-26F9C0D3E003}.Release|Any CPU.ActiveCfg = Release|Any CPU
		{CFC89FE3-4887-4830-ADE4-26F9C0D3E003}.Release|Any CPU.Build.0 = Release|Any CPU
		{9FEEA244-F1EB-47AD-B441-DFB7CEEB8466}.Debug|Any CPU.ActiveCfg = Debug|Any CPU
		{9FEEA244-F1EB-47AD-B441-DFB7CEEB8466}.Debug|Any CPU.Build.0 = Debug|Any CPU
		{9FEEA244-F1EB-47AD-B441-DFB7CEEB8466}.Release|Any CPU.ActiveCfg = Release|Any CPU
		{9FEEA244-F1EB-47AD-B441-DFB7CEEB8466}.Release|Any CPU.Build.0 = Release|Any CPU
		{BDA34514-1BC1-4869-87E3-CE39D7E6FDDD}.Debug|Any CPU.ActiveCfg = Debug|Any CPU
		{BDA34514-1BC1-4869-87E3-CE39D7E6FDDD}.Debug|Any CPU.Build.0 = Debug|Any CPU
		{BDA34514-1BC1-4869-87E3-CE39D7E6FDDD}.Release|Any CPU.ActiveCfg = Release|Any CPU
		{BDA34514-1BC1-4869-87E3-CE39D7E6FDDD}.Release|Any CPU.Build.0 = Release|Any CPU
	EndGlobalSection
	GlobalSection(SolutionProperties) = preSolution
		HideSolutionNode = FALSE
	EndGlobalSection
	GlobalSection(ExtensibilityGlobals) = postSolution
		SolutionGuid = {D05EC165-7252-44F9-86D4-544A1C55D482}
	EndGlobalSection
EndGlobal
